{
  "name": "review-loop",
  "version": "0.4.0",
  "lockfileVersion": 3,
  "requires": true,
  "packages": {
    "": {
      "name": "review-loop",
      "version": "0.4.0",
      "license": "Apache-2.0",
      "bin": {
        "review-loop": "plugins/review-loop/scripts/bin/review-loop.mjs",
        "review-loop-cancel": "plugins/review-loop/scripts/bin/review-loop-cancel.mjs",
        "review-loop-companion": "plugins/review-loop/scripts/review-loop-companion.mjs",
        "review-loop-result": "plugins/review-loop/scripts/bin/review-loop-result.mjs",
        "review-loop-setup": "plugins/review-loop/scripts/bin/review-loop-setup.mjs",
        "review-loop-status": "plugins/review-loop/scripts/bin/review-loop-status.mjs"
      },
      "engines": {
        "node": ">=18.18.0"
      }
    }
  }
}
