{
  "name": "cc-review",
  "version": "0.3.0",
  "lockfileVersion": 3,
  "requires": true,
  "packages": {
    "": {
      "name": "cc-review",
      "version": "0.3.0",
      "license": "Apache-2.0",
      "bin": {
        "cc-review-companion": "plugins/cc-review/scripts/cc-review-companion.mjs"
      },
      "engines": {
        "node": ">=18.18.0"
      }
    }
  }
}
